<Solution>
  <Project Path="Doubly_linked_list/Doubly_linked_list.csproj" Id="2729920c-4dab-4b7e-ae17-d77b37492421" />
  <Project Path="H:/Phitron/Problem-Solving-CSharp/G_Even_Hate_Odd/G_Even_Hate_Odd.csproj" Id="b7e5af54-2e41-4de9-8a12-b280cb404bdf" />
  <Project Path="H:/Phitron/Problem-Solving-CSharp/I_Palindrome/I_Palindrome.csproj" Id="ecface18-c34a-450d-947d-f108a3f62342" />
  <Project Path="H:/Phitron/Problem-Solving-CSharp/L_New_Array/L_New_Array.csproj" Id="e8b0b52b-73e5-4a03-b297-4d48e05733be" />
  <Project Path="H:/Phitron/Problem-Solving-CSharp/MainApp/MainApp.csproj" />
  <Project Path="H:/Phitron/Problem-Solving-CSharp/U_New_Words/U_New_Words.csproj" />
  <Project Path="H:/Phitron/Problem-Solving-CSharp/Y_Range_sum_query/Y_Range_sum_query.csproj" Id="0d4ea146-f2b0-4e04-a46f-5fd20087c621" />
  <Project Path="Insert_at_tail/Insert_at_head.csproj" Id="c6d992f8-7653-46bd-930e-2398f348ffca" />
  <Project Path="Z_Binary_Search/Z_Binary_Search.csproj" Id="58565bbb-03f9-42a2-9238-8f5ccc1786b7" />
</Solution>
