<Solution>
  <Project Path="H:/Phitron/Problem-Solving-CSharp/G_Even_Hate_Odd/G_Even_Hate_Odd.csproj" Id="b7e5af54-2e41-4de9-8a12-b280cb404bdf" />
  <Project Path="H:/Phitron/Problem-Solving-CSharp/I_Palindrome/I_Palindrome.csproj" Id="ecface18-c34a-450d-947d-f108a3f62342" />
  <Project Path="H:/Phitron/Problem-Solving-CSharp/L_New_Array/L_New_Array.csproj" Id="e8b0b52b-73e5-4a03-b297-4d48e05733be" />
  <Project Path="H:/Phitron/Problem-Solving-CSharp/MainApp/MainApp.csproj" />
  <Project Path="H:/Phitron/Problem-Solving-CSharp/U_New_Words/U_New_Words.csproj" />
  <Project Path="H:/Phitron/Problem-Solving-CSharp/Y_Range_sum_query/Y_Range_sum_query.csproj" Id="0d4ea146-f2b0-4e04-a46f-5fd20087c621" />
</Solution>
